
Microsoft Visual Studio Solution File, Format Version 12.00
# Visual Studio Version 17
VisualStudioVersion = 17.14.36212.18 d17.14
MinimumVisualStudioVersion = 10.0.40219.1
Project("{FAE04EC0-301F-11D3-BF4B-00C04F79EFBC}") = "StudentSquads", "StudentSquads\StudentSquads.csproj", "{147D1657-8F00-4055-8358-9DB6964DFDB8}"
EndProject
Global
	GlobalSection(SolutionConfigurationPlatforms) = preSolution
		Debug|Any CPU = Debug|Any CPU
		Release|Any CPU = Release|Any CPU
	EndGlobalSection
	GlobalSection(ProjectConfigurationPlatforms) = postSolution
		{147D1657-8F00-4055-8358-9DB6964DFDB8}.Debug|Any CPU.ActiveCfg = Debug|Any CPU
		{147D1657-8F00-4055-8358-9DB6964DFDB8}.Debug|Any CPU.Build.0 = Debug|Any CPU
		{147D1657-8F00-4055-8358-9DB6964DFDB8}.Release|Any CPU.ActiveCfg = Release|Any CPU
		{147D1657-8F00-4055-8358-9DB6964DFDB8}.Release|Any CPU.Build.0 = Release|Any CPU
	EndGlobalSection
	GlobalSection(SolutionProperties) = preSolution
		HideSolutionNode = FALSE
	EndGlobalSection
	GlobalSection(ExtensibilityGlobals) = postSolution
		SolutionGuid = {DF26A067-90BB-452C-BF96-EA7DEC42E32E}
	EndGlobalSection
EndGlobal
